%{
  "ace": {:hex, :ace, "0.18.1", "d94f49a452b79c866ba5b785e300a8e9f1723f0dc28c6aba4f158808d4663627", [:mix], [{:hpack, "~> 0.2.3", [hex: :hpack_erl, repo: "hexpm", optional: false]}, {:raxx, "~> 0.17.0", [hex: :raxx, repo: "hexpm", optional: false]}], "hexpm"},
  "cookie": {:hex, :cookie, "0.1.1", "89438362ee0f0ed400e9f076d617d630f82d682e3fbcf767072a46a6e1ed5781", [:mix], [], "hexpm"},
  "eex_html": {:hex, :eex_html, "0.2.0", "7f9da3e8ec2ecda2658a0443c65321e161c7c89897f2011e3d8a70f4f68341cb", [:mix], [{:jason, "~> 1.0", [hex: :jason, repo: "hexpm", optional: false]}], "hexpm"},
  "hpack": {:hex, :hpack_erl, "0.2.3", "17670f83ff984ae6cd74b1c456edde906d27ff013740ee4d9efaa4f1bf999633", [:rebar3], [], "hexpm"},
  "jason": {:hex, :jason, "1.1.2", "b03dedea67a99223a2eaf9f1264ce37154564de899fd3d8b9a21b1a6fd64afe7", [:mix], [{:decimal, "~> 1.0", [hex: :decimal, repo: "hexpm", optional: true]}], "hexpm"},
  "raxx": {:hex, :raxx, "0.17.3", "ae426c5b431304d803ddd53aa35ad3319b29720b1222213aa8f199989d9bd065", [:mix], [{:cookie, "~> 0.1.0", [hex: :cookie, repo: "hexpm", optional: false]}, {:eex_html, "~> 0.1.1 or ~> 0.2.0", [hex: :eex_html, repo: "hexpm", optional: false]}], "hexpm"},
}
